
Microsoft Visual Studio Solution File, Format Version 12.00
# Visual Studio Version 17
VisualStudioVersion = 17.0.31903.59
MinimumVisualStudioVersion = 10.0.40219.1
Project("{2150E333-8FDC-42A3-9474-1A3956D46DE8}") = "Kit", "Kit", "{2EC127D1-DC6F-4ECF-80C1-AC29B8556D9B}"
EndProject
Project("{9A19103F-16F7-4668-BE54-9A1E7A4F7556}") = "Kit", "..\..\..\Kit\Kit\Kit.csproj", "{936D409E-6DC4-46E7-A385-112D163E143C}"
EndProject
Project("{9A19103F-16F7-4668-BE54-9A1E7A4F7556}") = "Kit.Razor", "..\..\..\Kit\Kit.Razor\Kit.Razor.csproj", "{E0A11187-4122-4942-A476-44FA81C941D9}"
EndProject
Project("{9A19103F-16F7-4668-BE54-9A1E7A4F7556}") = "FileProviderClientSample", "FileProviderClientSample\FileProviderClientSample.csproj", "{9FFF0173-293E-4BE7-AC4A-ECB321F1468C}"
EndProject
Project("{9A19103F-16F7-4668-BE54-9A1E7A4F7556}") = "WStorageProvider", "WStorageProvider\WStorageProvider.csproj", "{0B722610-23AF-4E76-9957-180F8D17369B}"
EndProject
Global
	GlobalSection(SolutionConfigurationPlatforms) = preSolution
		Debug|Any CPU = Debug|Any CPU
		Debug|x64 = Debug|x64
		Debug2|Any CPU = Debug2|Any CPU
		Debug2|x64 = Debug2|x64
		Gorilla|Any CPU = Gorilla|Any CPU
		Gorilla|x64 = Gorilla|x64
		Release|Any CPU = Release|Any CPU
		Release|x64 = Release|x64
		x64|Any CPU = x64|Any CPU
		x64|x64 = x64|x64
	EndGlobalSection
	GlobalSection(ProjectConfigurationPlatforms) = postSolution
		{936D409E-6DC4-46E7-A385-112D163E143C}.Debug|Any CPU.ActiveCfg = Debug|Any CPU
		{936D409E-6DC4-46E7-A385-112D163E143C}.Debug|Any CPU.Build.0 = Debug|Any CPU
		{936D409E-6DC4-46E7-A385-112D163E143C}.Debug|x64.ActiveCfg = Debug|x64
		{936D409E-6DC4-46E7-A385-112D163E143C}.Debug|x64.Build.0 = Debug|x64
		{936D409E-6DC4-46E7-A385-112D163E143C}.Debug2|Any CPU.ActiveCfg = Debug2|Any CPU
		{936D409E-6DC4-46E7-A385-112D163E143C}.Debug2|Any CPU.Build.0 = Debug2|Any CPU
		{936D409E-6DC4-46E7-A385-112D163E143C}.Debug2|x64.ActiveCfg = Debug2|x64
		{936D409E-6DC4-46E7-A385-112D163E143C}.Debug2|x64.Build.0 = Debug2|x64
		{936D409E-6DC4-46E7-A385-112D163E143C}.Gorilla|Any CPU.ActiveCfg = Gorilla|Any CPU
		{936D409E-6DC4-46E7-A385-112D163E143C}.Gorilla|Any CPU.Build.0 = Gorilla|Any CPU
		{936D409E-6DC4-46E7-A385-112D163E143C}.Gorilla|x64.ActiveCfg = Gorilla|x64
		{936D409E-6DC4-46E7-A385-112D163E143C}.Gorilla|x64.Build.0 = Gorilla|x64
		{936D409E-6DC4-46E7-A385-112D163E143C}.Release|Any CPU.ActiveCfg = Release|Any CPU
		{936D409E-6DC4-46E7-A385-112D163E143C}.Release|Any CPU.Build.0 = Release|Any CPU
		{936D409E-6DC4-46E7-A385-112D163E143C}.Release|x64.ActiveCfg = Release|x64
		{936D409E-6DC4-46E7-A385-112D163E143C}.Release|x64.Build.0 = Release|x64
		{936D409E-6DC4-46E7-A385-112D163E143C}.x64|Any CPU.ActiveCfg = x64|Any CPU
		{936D409E-6DC4-46E7-A385-112D163E143C}.x64|Any CPU.Build.0 = x64|Any CPU
		{936D409E-6DC4-46E7-A385-112D163E143C}.x64|x64.ActiveCfg = x64|x64
		{936D409E-6DC4-46E7-A385-112D163E143C}.x64|x64.Build.0 = x64|x64
		{E0A11187-4122-4942-A476-44FA81C941D9}.Debug|Any CPU.ActiveCfg = Debug|Any CPU
		{E0A11187-4122-4942-A476-44FA81C941D9}.Debug|Any CPU.Build.0 = Debug|Any CPU
		{E0A11187-4122-4942-A476-44FA81C941D9}.Debug|x64.ActiveCfg = Debug|Any CPU
		{E0A11187-4122-4942-A476-44FA81C941D9}.Debug|x64.Build.0 = Debug|Any CPU
		{E0A11187-4122-4942-A476-44FA81C941D9}.Debug2|Any CPU.ActiveCfg = Debug|Any CPU
		{E0A11187-4122-4942-A476-44FA81C941D9}.Debug2|Any CPU.Build.0 = Debug|Any CPU
		{E0A11187-4122-4942-A476-44FA81C941D9}.Debug2|x64.ActiveCfg = Debug|Any CPU
		{E0A11187-4122-4942-A476-44FA81C941D9}.Debug2|x64.Build.0 = Debug|Any CPU
		{E0A11187-4122-4942-A476-44FA81C941D9}.Gorilla|Any CPU.ActiveCfg = Debug|Any CPU
		{E0A11187-4122-4942-A476-44FA81C941D9}.Gorilla|Any CPU.Build.0 = Debug|Any CPU
		{E0A11187-4122-4942-A476-44FA81C941D9}.Gorilla|x64.ActiveCfg = Debug|Any CPU
		{E0A11187-4122-4942-A476-44FA81C941D9}.Gorilla|x64.Build.0 = Debug|Any CPU
		{E0A11187-4122-4942-A476-44FA81C941D9}.Release|Any CPU.ActiveCfg = Release|Any CPU
		{E0A11187-4122-4942-A476-44FA81C941D9}.Release|Any CPU.Build.0 = Release|Any CPU
		{E0A11187-4122-4942-A476-44FA81C941D9}.Release|x64.ActiveCfg = Release|x64
		{E0A11187-4122-4942-A476-44FA81C941D9}.Release|x64.Build.0 = Release|x64
		{E0A11187-4122-4942-A476-44FA81C941D9}.x64|Any CPU.ActiveCfg = Debug|Any CPU
		{E0A11187-4122-4942-A476-44FA81C941D9}.x64|Any CPU.Build.0 = Debug|Any CPU
		{E0A11187-4122-4942-A476-44FA81C941D9}.x64|x64.ActiveCfg = Debug|Any CPU
		{E0A11187-4122-4942-A476-44FA81C941D9}.x64|x64.Build.0 = Debug|Any CPU
		{9FFF0173-293E-4BE7-AC4A-ECB321F1468C}.Debug|Any CPU.ActiveCfg = Debug|Any CPU
		{9FFF0173-293E-4BE7-AC4A-ECB321F1468C}.Debug|Any CPU.Build.0 = Debug|Any CPU
		{9FFF0173-293E-4BE7-AC4A-ECB321F1468C}.Debug|x64.ActiveCfg = Debug|Any CPU
		{9FFF0173-293E-4BE7-AC4A-ECB321F1468C}.Debug|x64.Build.0 = Debug|Any CPU
		{9FFF0173-293E-4BE7-AC4A-ECB321F1468C}.Debug2|Any CPU.ActiveCfg = Debug|Any CPU
		{9FFF0173-293E-4BE7-AC4A-ECB321F1468C}.Debug2|Any CPU.Build.0 = Debug|Any CPU
		{9FFF0173-293E-4BE7-AC4A-ECB321F1468C}.Debug2|x64.ActiveCfg = Debug|Any CPU
		{9FFF0173-293E-4BE7-AC4A-ECB321F1468C}.Debug2|x64.Build.0 = Debug|Any CPU
		{9FFF0173-293E-4BE7-AC4A-ECB321F1468C}.Gorilla|Any CPU.ActiveCfg = Debug|Any CPU
		{9FFF0173-293E-4BE7-AC4A-ECB321F1468C}.Gorilla|Any CPU.Build.0 = Debug|Any CPU
		{9FFF0173-293E-4BE7-AC4A-ECB321F1468C}.Gorilla|x64.ActiveCfg = Debug|Any CPU
		{9FFF0173-293E-4BE7-AC4A-ECB321F1468C}.Gorilla|x64.Build.0 = Debug|Any CPU
		{9FFF0173-293E-4BE7-AC4A-ECB321F1468C}.Release|Any CPU.ActiveCfg = Release|Any CPU
		{9FFF0173-293E-4BE7-AC4A-ECB321F1468C}.Release|Any CPU.Build.0 = Release|Any CPU
		{9FFF0173-293E-4BE7-AC4A-ECB321F1468C}.Release|x64.ActiveCfg = Release|x64
		{9FFF0173-293E-4BE7-AC4A-ECB321F1468C}.Release|x64.Build.0 = Release|x64
		{9FFF0173-293E-4BE7-AC4A-ECB321F1468C}.x64|Any CPU.ActiveCfg = Debug|Any CPU
		{9FFF0173-293E-4BE7-AC4A-ECB321F1468C}.x64|Any CPU.Build.0 = Debug|Any CPU
		{9FFF0173-293E-4BE7-AC4A-ECB321F1468C}.x64|x64.ActiveCfg = Debug|Any CPU
		{9FFF0173-293E-4BE7-AC4A-ECB321F1468C}.x64|x64.Build.0 = Debug|Any CPU
		{0B722610-23AF-4E76-9957-180F8D17369B}.Debug|Any CPU.ActiveCfg = Debug|Any CPU
		{0B722610-23AF-4E76-9957-180F8D17369B}.Debug|Any CPU.Build.0 = Debug|Any CPU
		{0B722610-23AF-4E76-9957-180F8D17369B}.Debug|x64.ActiveCfg = Debug|Any CPU
		{0B722610-23AF-4E76-9957-180F8D17369B}.Debug|x64.Build.0 = Debug|Any CPU
		{0B722610-23AF-4E76-9957-180F8D17369B}.Debug2|Any CPU.ActiveCfg = Debug|Any CPU
		{0B722610-23AF-4E76-9957-180F8D17369B}.Debug2|Any CPU.Build.0 = Debug|Any CPU
		{0B722610-23AF-4E76-9957-180F8D17369B}.Debug2|x64.ActiveCfg = Debug|Any CPU
		{0B722610-23AF-4E76-9957-180F8D17369B}.Debug2|x64.Build.0 = Debug|Any CPU
		{0B722610-23AF-4E76-9957-180F8D17369B}.Gorilla|Any CPU.ActiveCfg = Debug|Any CPU
		{0B722610-23AF-4E76-9957-180F8D17369B}.Gorilla|Any CPU.Build.0 = Debug|Any CPU
		{0B722610-23AF-4E76-9957-180F8D17369B}.Gorilla|x64.ActiveCfg = Debug|Any CPU
		{0B722610-23AF-4E76-9957-180F8D17369B}.Gorilla|x64.Build.0 = Debug|Any CPU
		{0B722610-23AF-4E76-9957-180F8D17369B}.Release|Any CPU.ActiveCfg = Release|Any CPU
		{0B722610-23AF-4E76-9957-180F8D17369B}.Release|Any CPU.Build.0 = Release|Any CPU
		{0B722610-23AF-4E76-9957-180F8D17369B}.Release|x64.ActiveCfg = Release|x64
		{0B722610-23AF-4E76-9957-180F8D17369B}.Release|x64.Build.0 = Release|x64
		{0B722610-23AF-4E76-9957-180F8D17369B}.x64|Any CPU.ActiveCfg = Debug|Any CPU
		{0B722610-23AF-4E76-9957-180F8D17369B}.x64|Any CPU.Build.0 = Debug|Any CPU
		{0B722610-23AF-4E76-9957-180F8D17369B}.x64|x64.ActiveCfg = Debug|Any CPU
		{0B722610-23AF-4E76-9957-180F8D17369B}.x64|x64.Build.0 = Debug|Any CPU
	EndGlobalSection
	GlobalSection(SolutionProperties) = preSolution
		HideSolutionNode = FALSE
	EndGlobalSection
	GlobalSection(NestedProjects) = preSolution
		{936D409E-6DC4-46E7-A385-112D163E143C} = {2EC127D1-DC6F-4ECF-80C1-AC29B8556D9B}
		{E0A11187-4122-4942-A476-44FA81C941D9} = {2EC127D1-DC6F-4ECF-80C1-AC29B8556D9B}
	EndGlobalSection
	GlobalSection(ExtensibilityGlobals) = postSolution
		SolutionGuid = {568737DB-1897-4A32-AB4C-A6EFED2C4BD1}
	EndGlobalSection
EndGlobal
