
Microsoft Visual Studio Solution File, Format Version 12.00
# Visual Studio Version 17
VisualStudioVersion = 17.0.31903.59
MinimumVisualStudioVersion = 10.0.40219.1
Project("{9A19103F-16F7-4668-BE54-9A1E7A4F7556}") = "WebClient", "WebClient\WebClient.csproj", "{3508CF91-9AB7-431C-88C7-337DA8E42123}"
EndProject
Project("{2150E333-8FDC-42A3-9474-1A3956D46DE8}") = "Kit", "Kit", "{E78C2AFD-E398-474F-95DB-5F4629367084}"
EndProject
Project("{9A19103F-16F7-4668-BE54-9A1E7A4F7556}") = "Kit.Razor", "..\..\..\Kit\Kit.Razor\Kit.Razor.csproj", "{9BE9DBDE-D8F7-40ED-9A7D-4C1DB6365CF6}"
EndProject
Project("{9A19103F-16F7-4668-BE54-9A1E7A4F7556}") = "Kit", "..\..\..\Kit\Kit\Kit.csproj", "{CBF307C1-23E3-4542-89AC-C3D5FA35F108}"
EndProject
Project("{9A19103F-16F7-4668-BE54-9A1E7A4F7556}") = "BlazorInputFile", "..\..\BlazorInputFile\BlazorInputFile\BlazorInputFile.csproj", "{1045D1C5-189D-40B4-824B-07891ED480A8}"
EndProject
Global
	GlobalSection(SolutionConfigurationPlatforms) = preSolution
		Debug|Any CPU = Debug|Any CPU
		Debug|x64 = Debug|x64
		Debug2|Any CPU = Debug2|Any CPU
		Debug2|x64 = Debug2|x64
		Gorilla|Any CPU = Gorilla|Any CPU
		Gorilla|x64 = Gorilla|x64
		Release|Any CPU = Release|Any CPU
		Release|x64 = Release|x64
		x64|Any CPU = x64|Any CPU
		x64|x64 = x64|x64
	EndGlobalSection
	GlobalSection(ProjectConfigurationPlatforms) = postSolution
		{3508CF91-9AB7-431C-88C7-337DA8E42123}.Debug|Any CPU.ActiveCfg = Debug|Any CPU
		{3508CF91-9AB7-431C-88C7-337DA8E42123}.Debug|Any CPU.Build.0 = Debug|Any CPU
		{3508CF91-9AB7-431C-88C7-337DA8E42123}.Debug|x64.ActiveCfg = Debug|Any CPU
		{3508CF91-9AB7-431C-88C7-337DA8E42123}.Debug|x64.Build.0 = Debug|Any CPU
		{3508CF91-9AB7-431C-88C7-337DA8E42123}.Debug2|Any CPU.ActiveCfg = Debug|Any CPU
		{3508CF91-9AB7-431C-88C7-337DA8E42123}.Debug2|Any CPU.Build.0 = Debug|Any CPU
		{3508CF91-9AB7-431C-88C7-337DA8E42123}.Debug2|x64.ActiveCfg = Debug|Any CPU
		{3508CF91-9AB7-431C-88C7-337DA8E42123}.Debug2|x64.Build.0 = Debug|Any CPU
		{3508CF91-9AB7-431C-88C7-337DA8E42123}.Gorilla|Any CPU.ActiveCfg = Debug|Any CPU
		{3508CF91-9AB7-431C-88C7-337DA8E42123}.Gorilla|Any CPU.Build.0 = Debug|Any CPU
		{3508CF91-9AB7-431C-88C7-337DA8E42123}.Gorilla|x64.ActiveCfg = Debug|Any CPU
		{3508CF91-9AB7-431C-88C7-337DA8E42123}.Gorilla|x64.Build.0 = Debug|Any CPU
		{3508CF91-9AB7-431C-88C7-337DA8E42123}.Release|Any CPU.ActiveCfg = Release|Any CPU
		{3508CF91-9AB7-431C-88C7-337DA8E42123}.Release|Any CPU.Build.0 = Release|Any CPU
		{3508CF91-9AB7-431C-88C7-337DA8E42123}.Release|x64.ActiveCfg = Release|x64
		{3508CF91-9AB7-431C-88C7-337DA8E42123}.Release|x64.Build.0 = Release|x64
		{3508CF91-9AB7-431C-88C7-337DA8E42123}.x64|Any CPU.ActiveCfg = Debug|Any CPU
		{3508CF91-9AB7-431C-88C7-337DA8E42123}.x64|Any CPU.Build.0 = Debug|Any CPU
		{3508CF91-9AB7-431C-88C7-337DA8E42123}.x64|x64.ActiveCfg = Debug|Any CPU
		{3508CF91-9AB7-431C-88C7-337DA8E42123}.x64|x64.Build.0 = Debug|Any CPU
		{9BE9DBDE-D8F7-40ED-9A7D-4C1DB6365CF6}.Debug|Any CPU.ActiveCfg = Debug|Any CPU
		{9BE9DBDE-D8F7-40ED-9A7D-4C1DB6365CF6}.Debug|Any CPU.Build.0 = Debug|Any CPU
		{9BE9DBDE-D8F7-40ED-9A7D-4C1DB6365CF6}.Debug|x64.ActiveCfg = Debug|x64
		{9BE9DBDE-D8F7-40ED-9A7D-4C1DB6365CF6}.Debug|x64.Build.0 = Debug|x64
		{9BE9DBDE-D8F7-40ED-9A7D-4C1DB6365CF6}.Debug2|Any CPU.ActiveCfg = Debug|Any CPU
		{9BE9DBDE-D8F7-40ED-9A7D-4C1DB6365CF6}.Debug2|Any CPU.Build.0 = Debug|Any CPU
		{9BE9DBDE-D8F7-40ED-9A7D-4C1DB6365CF6}.Debug2|x64.ActiveCfg = Debug|x64
		{9BE9DBDE-D8F7-40ED-9A7D-4C1DB6365CF6}.Debug2|x64.Build.0 = Debug|x64
		{9BE9DBDE-D8F7-40ED-9A7D-4C1DB6365CF6}.Gorilla|Any CPU.ActiveCfg = Debug|Any CPU
		{9BE9DBDE-D8F7-40ED-9A7D-4C1DB6365CF6}.Gorilla|Any CPU.Build.0 = Debug|Any CPU
		{9BE9DBDE-D8F7-40ED-9A7D-4C1DB6365CF6}.Gorilla|x64.ActiveCfg = Debug|x64
		{9BE9DBDE-D8F7-40ED-9A7D-4C1DB6365CF6}.Gorilla|x64.Build.0 = Debug|x64
		{9BE9DBDE-D8F7-40ED-9A7D-4C1DB6365CF6}.Release|Any CPU.ActiveCfg = Release|Any CPU
		{9BE9DBDE-D8F7-40ED-9A7D-4C1DB6365CF6}.Release|Any CPU.Build.0 = Release|Any CPU
		{9BE9DBDE-D8F7-40ED-9A7D-4C1DB6365CF6}.Release|x64.ActiveCfg = Release|x64
		{9BE9DBDE-D8F7-40ED-9A7D-4C1DB6365CF6}.Release|x64.Build.0 = Release|x64
		{9BE9DBDE-D8F7-40ED-9A7D-4C1DB6365CF6}.x64|Any CPU.ActiveCfg = Debug|Any CPU
		{9BE9DBDE-D8F7-40ED-9A7D-4C1DB6365CF6}.x64|Any CPU.Build.0 = Debug|Any CPU
		{9BE9DBDE-D8F7-40ED-9A7D-4C1DB6365CF6}.x64|x64.ActiveCfg = Debug|x64
		{9BE9DBDE-D8F7-40ED-9A7D-4C1DB6365CF6}.x64|x64.Build.0 = Debug|x64
		{CBF307C1-23E3-4542-89AC-C3D5FA35F108}.Debug|Any CPU.ActiveCfg = Debug|Any CPU
		{CBF307C1-23E3-4542-89AC-C3D5FA35F108}.Debug|Any CPU.Build.0 = Debug|Any CPU
		{CBF307C1-23E3-4542-89AC-C3D5FA35F108}.Debug|x64.ActiveCfg = Debug|x64
		{CBF307C1-23E3-4542-89AC-C3D5FA35F108}.Debug|x64.Build.0 = Debug|x64
		{CBF307C1-23E3-4542-89AC-C3D5FA35F108}.Debug2|Any CPU.ActiveCfg = Debug2|Any CPU
		{CBF307C1-23E3-4542-89AC-C3D5FA35F108}.Debug2|Any CPU.Build.0 = Debug2|Any CPU
		{CBF307C1-23E3-4542-89AC-C3D5FA35F108}.Debug2|x64.ActiveCfg = Debug2|x64
		{CBF307C1-23E3-4542-89AC-C3D5FA35F108}.Debug2|x64.Build.0 = Debug2|x64
		{CBF307C1-23E3-4542-89AC-C3D5FA35F108}.Gorilla|Any CPU.ActiveCfg = Gorilla|Any CPU
		{CBF307C1-23E3-4542-89AC-C3D5FA35F108}.Gorilla|Any CPU.Build.0 = Gorilla|Any CPU
		{CBF307C1-23E3-4542-89AC-C3D5FA35F108}.Gorilla|x64.ActiveCfg = Gorilla|x64
		{CBF307C1-23E3-4542-89AC-C3D5FA35F108}.Gorilla|x64.Build.0 = Gorilla|x64
		{CBF307C1-23E3-4542-89AC-C3D5FA35F108}.Release|Any CPU.ActiveCfg = Release|Any CPU
		{CBF307C1-23E3-4542-89AC-C3D5FA35F108}.Release|Any CPU.Build.0 = Release|Any CPU
		{CBF307C1-23E3-4542-89AC-C3D5FA35F108}.Release|x64.ActiveCfg = Release|x64
		{CBF307C1-23E3-4542-89AC-C3D5FA35F108}.Release|x64.Build.0 = Release|x64
		{CBF307C1-23E3-4542-89AC-C3D5FA35F108}.x64|Any CPU.ActiveCfg = x64|Any CPU
		{CBF307C1-23E3-4542-89AC-C3D5FA35F108}.x64|Any CPU.Build.0 = x64|Any CPU
		{CBF307C1-23E3-4542-89AC-C3D5FA35F108}.x64|x64.ActiveCfg = x64|x64
		{CBF307C1-23E3-4542-89AC-C3D5FA35F108}.x64|x64.Build.0 = x64|x64
		{1045D1C5-189D-40B4-824B-07891ED480A8}.Debug|Any CPU.ActiveCfg = Debug|Any CPU
		{1045D1C5-189D-40B4-824B-07891ED480A8}.Debug|Any CPU.Build.0 = Debug|Any CPU
		{1045D1C5-189D-40B4-824B-07891ED480A8}.Debug|x64.ActiveCfg = Debug|Any CPU
		{1045D1C5-189D-40B4-824B-07891ED480A8}.Debug|x64.Build.0 = Debug|Any CPU
		{1045D1C5-189D-40B4-824B-07891ED480A8}.Debug2|Any CPU.ActiveCfg = Debug|Any CPU
		{1045D1C5-189D-40B4-824B-07891ED480A8}.Debug2|Any CPU.Build.0 = Debug|Any CPU
		{1045D1C5-189D-40B4-824B-07891ED480A8}.Debug2|x64.ActiveCfg = Debug|Any CPU
		{1045D1C5-189D-40B4-824B-07891ED480A8}.Debug2|x64.Build.0 = Debug|Any CPU
		{1045D1C5-189D-40B4-824B-07891ED480A8}.Gorilla|Any CPU.ActiveCfg = Debug|Any CPU
		{1045D1C5-189D-40B4-824B-07891ED480A8}.Gorilla|Any CPU.Build.0 = Debug|Any CPU
		{1045D1C5-189D-40B4-824B-07891ED480A8}.Gorilla|x64.ActiveCfg = Debug|Any CPU
		{1045D1C5-189D-40B4-824B-07891ED480A8}.Gorilla|x64.Build.0 = Debug|Any CPU
		{1045D1C5-189D-40B4-824B-07891ED480A8}.Release|Any CPU.ActiveCfg = Release|Any CPU
		{1045D1C5-189D-40B4-824B-07891ED480A8}.Release|Any CPU.Build.0 = Release|Any CPU
		{1045D1C5-189D-40B4-824B-07891ED480A8}.Release|x64.ActiveCfg = Release|x64
		{1045D1C5-189D-40B4-824B-07891ED480A8}.Release|x64.Build.0 = Release|x64
		{1045D1C5-189D-40B4-824B-07891ED480A8}.x64|Any CPU.ActiveCfg = Debug|Any CPU
		{1045D1C5-189D-40B4-824B-07891ED480A8}.x64|Any CPU.Build.0 = Debug|Any CPU
		{1045D1C5-189D-40B4-824B-07891ED480A8}.x64|x64.ActiveCfg = Debug|Any CPU
		{1045D1C5-189D-40B4-824B-07891ED480A8}.x64|x64.Build.0 = Debug|Any CPU
	EndGlobalSection
	GlobalSection(SolutionProperties) = preSolution
		HideSolutionNode = FALSE
	EndGlobalSection
	GlobalSection(NestedProjects) = preSolution
		{9BE9DBDE-D8F7-40ED-9A7D-4C1DB6365CF6} = {E78C2AFD-E398-474F-95DB-5F4629367084}
		{CBF307C1-23E3-4542-89AC-C3D5FA35F108} = {E78C2AFD-E398-474F-95DB-5F4629367084}
		{1045D1C5-189D-40B4-824B-07891ED480A8} = {E78C2AFD-E398-474F-95DB-5F4629367084}
	EndGlobalSection
	GlobalSection(ExtensibilityGlobals) = postSolution
		SolutionGuid = {E4421D95-37D6-4E9C-A4B0-4945D8CC77BC}
	EndGlobalSection
EndGlobal
